
Microsoft Visual Studio Solution File, Format Version 12.00
# Visual Studio Version 17
VisualStudioVersion = 17.7.33808.371
MinimumVisualStudioVersion = 15.0.26124.0
Project("{9A19103F-16F7-4668-BE54-9A1E7A4F7556}") = "XmasTree.Common", "XmasTree.Common\XmasTree.Common.csproj", "{94DC2861-5B15-4D74-BC73-B635D44FC4A1}"
EndProject
Project("{9A19103F-16F7-4668-BE54-9A1E7A4F7556}") = "XmasTree", "XmasTree\XmasTree.csproj", "{4EA2E848-78FB-401E-A254-038A56ABC21F}"
EndProject
Project("{2150E333-8FDC-42A3-9474-1A3956D46DE8}") = "SolutionItems", "SolutionItems", "{E16EB793-E0B5-4C6F-BB69-33BFE3FFF922}"
	ProjectSection(SolutionItems) = preProject
		.gitignore = .gitignore
		global.json = global.json
		README.md = README.md
	EndProjectSection
EndProject
Project("{FAE04EC0-301F-11D3-BF4B-00C04F79EFBC}") = "XmasTree.Blazor", "XmasTree.Blazor\XmasTree.Blazor.csproj", "{A0422063-0BB2-4FF3-A94A-759AEF445515}"
EndProject
Global
	GlobalSection(SolutionConfigurationPlatforms) = preSolution
		Debug|Any CPU = Debug|Any CPU
		Debug|x64 = Debug|x64
		Debug|x86 = Debug|x86
		Release|Any CPU = Release|Any CPU
		Release|x64 = Release|x64
		Release|x86 = Release|x86
	EndGlobalSection
	GlobalSection(ProjectConfigurationPlatforms) = postSolution
		{94DC2861-5B15-4D74-BC73-B635D44FC4A1}.Debug|Any CPU.ActiveCfg = Debug|Any CPU
		{94DC2861-5B15-4D74-BC73-B635D44FC4A1}.Debug|Any CPU.Build.0 = Debug|Any CPU
		{94DC2861-5B15-4D74-BC73-B635D44FC4A1}.Debug|x64.ActiveCfg = Debug|Any CPU
		{94DC2861-5B15-4D74-BC73-B635D44FC4A1}.Debug|x64.Build.0 = Debug|Any CPU
		{94DC2861-5B15-4D74-BC73-B635D44FC4A1}.Debug|x86.ActiveCfg = Debug|Any CPU
		{94DC2861-5B15-4D74-BC73-B635D44FC4A1}.Debug|x86.Build.0 = Debug|Any CPU
		{94DC2861-5B15-4D74-BC73-B635D44FC4A1}.Release|Any CPU.ActiveCfg = Release|Any CPU
		{94DC2861-5B15-4D74-BC73-B635D44FC4A1}.Release|Any CPU.Build.0 = Release|Any CPU
		{94DC2861-5B15-4D74-BC73-B635D44FC4A1}.Release|x64.ActiveCfg = Release|Any CPU
		{94DC2861-5B15-4D74-BC73-B635D44FC4A1}.Release|x64.Build.0 = Release|Any CPU
		{94DC2861-5B15-4D74-BC73-B635D44FC4A1}.Release|x86.ActiveCfg = Release|Any CPU
		{94DC2861-5B15-4D74-BC73-B635D44FC4A1}.Release|x86.Build.0 = Release|Any CPU
		{4EA2E848-78FB-401E-A254-038A56ABC21F}.Debug|Any CPU.ActiveCfg = Debug|Any CPU
		{4EA2E848-78FB-401E-A254-038A56ABC21F}.Debug|Any CPU.Build.0 = Debug|Any CPU
		{4EA2E848-78FB-401E-A254-038A56ABC21F}.Debug|x64.ActiveCfg = Debug|Any CPU
		{4EA2E848-78FB-401E-A254-038A56ABC21F}.Debug|x64.Build.0 = Debug|Any CPU
		{4EA2E848-78FB-401E-A254-038A56ABC21F}.Debug|x86.ActiveCfg = Debug|Any CPU
		{4EA2E848-78FB-401E-A254-038A56ABC21F}.Debug|x86.Build.0 = Debug|Any CPU
		{4EA2E848-78FB-401E-A254-038A56ABC21F}.Release|Any CPU.ActiveCfg = Release|Any CPU
		{4EA2E848-78FB-401E-A254-038A56ABC21F}.Release|Any CPU.Build.0 = Release|Any CPU
		{4EA2E848-78FB-401E-A254-038A56ABC21F}.Release|x64.ActiveCfg = Release|Any CPU
		{4EA2E848-78FB-401E-A254-038A56ABC21F}.Release|x64.Build.0 = Release|Any CPU
		{4EA2E848-78FB-401E-A254-038A56ABC21F}.Release|x86.ActiveCfg = Release|Any CPU
		{4EA2E848-78FB-401E-A254-038A56ABC21F}.Release|x86.Build.0 = Release|Any CPU
		{A0422063-0BB2-4FF3-A94A-759AEF445515}.Debug|Any CPU.ActiveCfg = Debug|Any CPU
		{A0422063-0BB2-4FF3-A94A-759AEF445515}.Debug|Any CPU.Build.0 = Debug|Any CPU
		{A0422063-0BB2-4FF3-A94A-759AEF445515}.Debug|x64.ActiveCfg = Debug|Any CPU
		{A0422063-0BB2-4FF3-A94A-759AEF445515}.Debug|x64.Build.0 = Debug|Any CPU
		{A0422063-0BB2-4FF3-A94A-759AEF445515}.Debug|x86.ActiveCfg = Debug|Any CPU
		{A0422063-0BB2-4FF3-A94A-759AEF445515}.Debug|x86.Build.0 = Debug|Any CPU
		{A0422063-0BB2-4FF3-A94A-759AEF445515}.Release|Any CPU.ActiveCfg = Release|Any CPU
		{A0422063-0BB2-4FF3-A94A-759AEF445515}.Release|Any CPU.Build.0 = Release|Any CPU
		{A0422063-0BB2-4FF3-A94A-759AEF445515}.Release|x64.ActiveCfg = Release|Any CPU
		{A0422063-0BB2-4FF3-A94A-759AEF445515}.Release|x64.Build.0 = Release|Any CPU
		{A0422063-0BB2-4FF3-A94A-759AEF445515}.Release|x86.ActiveCfg = Release|Any CPU
		{A0422063-0BB2-4FF3-A94A-759AEF445515}.Release|x86.Build.0 = Release|Any CPU
	EndGlobalSection
	GlobalSection(SolutionProperties) = preSolution
		HideSolutionNode = FALSE
	EndGlobalSection
	GlobalSection(ExtensibilityGlobals) = postSolution
		SolutionGuid = {F7122E41-2966-4D63-986D-60405EE15123}
	EndGlobalSection
EndGlobal
